
Microsoft Visual Studio Solution File, Format Version 12.00
# Visual Studio Version 16
VisualStudioVersion = 16.0.31702.278
MinimumVisualStudioVersion = 10.0.40219.1
Project("{FAE04EC0-301F-11D3-BF4B-00C04F79EFBC}") = "login-app", "login-app\login-app.csproj", "{74B4493A-CAF4-4CEC-859F-6423AFD5F43A}"
EndProject
Global
	GlobalSection(SolutionConfigurationPlatforms) = preSolution
		Debug|Any CPU = Debug|Any CPU
		Release|Any CPU = Release|Any CPU
	EndGlobalSection
	GlobalSection(ProjectConfigurationPlatforms) = postSolution
		{74B4493A-CAF4-4CEC-859F-6423AFD5F43A}.Debug|Any CPU.ActiveCfg = Debug|Any CPU
		{74B4493A-CAF4-4CEC-859F-6423AFD5F43A}.Debug|Any CPU.Build.0 = Debug|Any CPU
		{74B4493A-CAF4-4CEC-859F-6423AFD5F43A}.Release|Any CPU.ActiveCfg = Release|Any CPU
		{74B4493A-CAF4-4CEC-859F-6423AFD5F43A}.Release|Any CPU.Build.0 = Release|Any CPU
	EndGlobalSection
	GlobalSection(SolutionProperties) = preSolution
		HideSolutionNode = FALSE
	EndGlobalSection
	GlobalSection(ExtensibilityGlobals) = postSolution
		SolutionGuid = {63AC781C-81C6-481D-87BB-39390CB392C9}
	EndGlobalSection
EndGlobal
